{
  "version": 4,
  "terraform_version": "0.13.0",
  "serial": 29,
  "lineage": "11208527-56b1-6a48-b99d-8fe753e6e612",
  "outputs": {},
  "resources": [
    {
      "mode": "data",
      "type": "template_file",
      "name": "cloud_config",
      "provider": "provider[\"registry.terraform.io/hashicorp/template\"]",
      "instances": [
        {
          "schema_version": 0,
          "attributes": {
            "filename": null,
            "id": "fab5a7ccdf99dae1124292ecc4aae49343e1f6620131beed77b8ce713f3addc6",
            "rendered": "#cloud-config\n\ndisable_root: true\npackage_update: true\n\npackages:\n  - wget\n  - tar\n  - python-pip\n  - python-dev\n\nwrite_files:\n  - path: /etc/default/linuxgsm\n    owner: csgoserver\n    content: |\n      ---\n      server_name: cop_csgo\n      tags: cop_csgo,executes,mirage\n      gslt: C93D2215075CB44CA0AA5507564038AF\n      rcon_passwd: awesome\n      sv_password: cop123\n      cheats: 0\n      map_group: de_mirage\n      default_map: de_mirage\n      maxplayers: 32\n      tickrate: 128\n      host_info: 2\n      mp_roundtime: 5\n      players_info: 2\n      sm_executes_minplayers: 3\n      sm_executes_maxplayers: 32\n      sm_executes_ratio_constant: 0.475\n      sm_executes_round_time: 40\n      sm_executes_auto_scramble: 2\nruncmd:\n  - sudo pip install ansible \u0026\u0026 sudo mkdir -p /etc/ansible \u0026\u0026 sudo bash -c 'echo \"localhost\" \u003e /etc/ansible/hosts' \u0026\u0026 ansible-pull -U https://github.com/anupvarghese/csgo-on-cloud.git -i 127.0.0.1 competitive.yml\n  # - sudo pip install ansible \u0026\u0026 sudo mkdir -p /etc/ansible \u0026\u0026 sudo bash -c 'echo \"localhost\" \u003e /etc/ansible/hosts' \u0026\u0026 git clone https://github.com/anupvarghese/csgo-on-cloud.git \u0026\u0026 ansible-playbook -i 127.0.0.1 csgo-on-cloud/ansible/playbook.yaml ### back up plan\n",
            "template": "#cloud-config\n\ndisable_root: true\npackage_update: true\n\npackages:\n  - wget\n  - tar\n  - python-pip\n  - python-dev\n\nwrite_files:\n  - path: /etc/default/linuxgsm\n    owner: csgoserver\n    content: |\n      ---\n      server_name: cop_csgo\n      tags: cop_csgo,executes,mirage\n      gslt: ${gslt}\n      rcon_passwd: ${rcon_password}\n      sv_password: ${sv_password}\n      cheats: 0\n      map_group: de_mirage\n      default_map: de_mirage\n      maxplayers: 32\n      tickrate: 128\n      host_info: 2\n      mp_roundtime: 5\n      players_info: 2\n      sm_executes_minplayers: 3\n      sm_executes_maxplayers: 32\n      sm_executes_ratio_constant: 0.475\n      sm_executes_round_time: 40\n      sm_executes_auto_scramble: 2\nruncmd:\n  - sudo pip install ansible \u0026\u0026 sudo mkdir -p /etc/ansible \u0026\u0026 sudo bash -c 'echo \"localhost\" \u003e /etc/ansible/hosts' \u0026\u0026 ansible-pull -U https://github.com/anupvarghese/csgo-on-cloud.git -i 127.0.0.1 competitive.yml\n  # - sudo pip install ansible \u0026\u0026 sudo mkdir -p /etc/ansible \u0026\u0026 sudo bash -c 'echo \"localhost\" \u003e /etc/ansible/hosts' \u0026\u0026 git clone https://github.com/anupvarghese/csgo-on-cloud.git \u0026\u0026 ansible-playbook -i 127.0.0.1 csgo-on-cloud/ansible/playbook.yaml ### back up plan\n",
            "vars": {
              "gslt": "C93D2215075CB44CA0AA5507564038AF",
              "rcon_password": "awesome",
              "sv_password": "cop123"
            }
          }
        }
      ]
    },
    {
      "mode": "managed",
      "type": "azurerm_network_interface",
      "name": "csgonic",
      "provider": "provider[\"registry.terraform.io/hashicorp/azurerm\"]",
      "instances": [
        {
          "schema_version": 0,
          "attributes": {
            "applied_dns_servers": [],
            "dns_servers": [],
            "enable_accelerated_networking": true,
            "enable_ip_forwarding": false,
            "id": "/subscriptions/62bef927-97ff-4cc1-965f-53eb7abec566/resourceGroups/CSGO-RG02/providers/Microsoft.Network/networkInterfaces/csgo-nic",
            "internal_dns_name_label": "",
            "ip_configuration": [
              {
                "name": "NICConfiguration",
                "primary": true,
                "private_ip_address": "10.0.2.4",
                "private_ip_address_allocation": "Dynamic",
                "private_ip_address_version": "IPv4",
                "public_ip_address_id": "/subscriptions/62bef927-97ff-4cc1-965f-53eb7abec566/resourceGroups/CSGO-RG02/providers/Microsoft.Network/publicIPAddresses/cspip",
                "subnet_id": "/subscriptions/62bef927-97ff-4cc1-965f-53eb7abec566/resourceGroups/CSGO-RG02/providers/Microsoft.Network/virtualNetworks/staging-network/subnets/subnet_two"
              }
            ],
            "location": "japanwest",
            "mac_address": "",
            "name": "csgo-nic",
            "private_ip_address": "10.0.2.4",
            "private_ip_addresses": [
              "10.0.2.4"
            ],
            "resource_group_name": "CSGO-RG02",
            "tags": null,
            "timeouts": null,
            "virtual_machine_id": ""
          },
          "private": "eyJlMmJmYjczMC1lY2FhLTExZTYtOGY4OC0zNDM2M2JjN2M0YzAiOnsiY3JlYXRlIjoxODAwMDAwMDAwMDAwLCJkZWxldGUiOjE4MDAwMDAwMDAwMDAsInJlYWQiOjMwMDAwMDAwMDAwMCwidXBkYXRlIjoxODAwMDAwMDAwMDAwfX0=",
          "dependencies": [
            "azurerm_public_ip.cspip",
            "azurerm_resource_group.rg",
            "azurerm_subnet.subnet_two",
            "azurerm_virtual_network.network"
          ]
        }
      ]
    },
    {
      "mode": "managed",
      "type": "azurerm_public_ip",
      "name": "cspip",
      "provider": "provider[\"registry.terraform.io/hashicorp/azurerm\"]",
      "instances": [
        {
          "schema_version": 0,
          "attributes": {
            "allocation_method": "Dynamic",
            "domain_name_label": null,
            "fqdn": null,
            "id": "/subscriptions/62bef927-97ff-4cc1-965f-53eb7abec566/resourceGroups/CSGO-RG02/providers/Microsoft.Network/publicIPAddresses/cspip",
            "idle_timeout_in_minutes": 30,
            "ip_address": "",
            "ip_version": "IPv4",
            "location": "japanwest",
            "name": "cspip",
            "public_ip_prefix_id": null,
            "resource_group_name": "CSGO-RG02",
            "reverse_fqdn": null,
            "sku": "Basic",
            "tags": {
              "environment": "Staging"
            },
            "timeouts": null,
            "zones": null
          },
          "private": "eyJlMmJmYjczMC1lY2FhLTExZTYtOGY4OC0zNDM2M2JjN2M0YzAiOnsiY3JlYXRlIjoxODAwMDAwMDAwMDAwLCJkZWxldGUiOjE4MDAwMDAwMDAwMDAsInJlYWQiOjMwMDAwMDAwMDAwMCwidXBkYXRlIjoxODAwMDAwMDAwMDAwfX0=",
          "dependencies": [
            "azurerm_resource_group.rg"
          ]
        }
      ]
    },
    {
      "mode": "managed",
      "type": "azurerm_resource_group",
      "name": "rg",
      "provider": "provider[\"registry.terraform.io/hashicorp/azurerm\"]",
      "instances": [
        {
          "schema_version": 0,
          "attributes": {
            "id": "/subscriptions/62bef927-97ff-4cc1-965f-53eb7abec566/resourceGroups/CSGO-RG02",
            "location": "japanwest",
            "name": "CSGO-RG02",
            "tags": null,
            "timeouts": null
          },
          "private": "eyJlMmJmYjczMC1lY2FhLTExZTYtOGY4OC0zNDM2M2JjN2M0YzAiOnsiY3JlYXRlIjo1NDAwMDAwMDAwMDAwLCJkZWxldGUiOjU0MDAwMDAwMDAwMDAsInJlYWQiOjMwMDAwMDAwMDAwMCwidXBkYXRlIjo1NDAwMDAwMDAwMDAwfX0="
        }
      ]
    },
    {
      "mode": "managed",
      "type": "azurerm_subnet",
      "name": "subnet_two",
      "provider": "provider[\"registry.terraform.io/hashicorp/azurerm\"]",
      "instances": [
        {
          "schema_version": 0,
          "attributes": {
            "address_prefix": "10.0.2.0/24",
            "delegation": [],
            "enforce_private_link_endpoint_network_policies": false,
            "enforce_private_link_service_network_policies": false,
            "id": "/subscriptions/62bef927-97ff-4cc1-965f-53eb7abec566/resourceGroups/CSGO-RG02/providers/Microsoft.Network/virtualNetworks/staging-network/subnets/subnet_two",
            "name": "subnet_two",
            "resource_group_name": "CSGO-RG02",
            "service_endpoints": null,
            "timeouts": null,
            "virtual_network_name": "staging-network"
          },
          "private": "eyJlMmJmYjczMC1lY2FhLTExZTYtOGY4OC0zNDM2M2JjN2M0YzAiOnsiY3JlYXRlIjoxODAwMDAwMDAwMDAwLCJkZWxldGUiOjE4MDAwMDAwMDAwMDAsInJlYWQiOjMwMDAwMDAwMDAwMCwidXBkYXRlIjoxODAwMDAwMDAwMDAwfX0=",
          "dependencies": [
            "azurerm_resource_group.rg",
            "azurerm_virtual_network.network"
          ]
        }
      ]
    },
    {
      "mode": "managed",
      "type": "azurerm_virtual_machine",
      "name": "csserver",
      "provider": "provider[\"registry.terraform.io/hashicorp/azurerm\"]",
      "instances": [
        {
          "schema_version": 0,
          "attributes": {
            "additional_capabilities": [],
            "availability_set_id": null,
            "boot_diagnostics": [],
            "delete_data_disks_on_termination": false,
            "delete_os_disk_on_termination": false,
            "id": "/subscriptions/62bef927-97ff-4cc1-965f-53eb7abec566/resourceGroups/CSGO-RG02/providers/Microsoft.Compute/virtualMachines/csgo-vm",
            "identity": [],
            "license_type": null,
            "location": "japanwest",
            "name": "csgo-vm",
            "network_interface_ids": [
              "/subscriptions/62bef927-97ff-4cc1-965f-53eb7abec566/resourceGroups/CSGO-RG02/providers/Microsoft.Network/networkInterfaces/csgo-nic"
            ],
            "os_profile": [
              {
                "admin_password": "PUTASECUREPASSWORDHEREPLEASEFORTHELOVEOFGOD123\\aa",
                "admin_username": "csgoserver",
                "computer_name": "terraformserver",
                "custom_data": "a5403184faf4ae6abbf917e90db3810c791f1b9e"
              }
            ],
            "os_profile_linux_config": [
              {
                "disable_password_authentication": true,
                "ssh_keys": [
                  {
                    "key_data": "ssh-rsa AAAAB3NzaC1yc2EAAAADAQABAAACAQC3IZdz6QSOWK35IK2LF05zLTycIJhFd+xjxyXUIc+28eBbVWOgVf5ptajh0na+hbK0HBkH/LJrCJa27o4M8UA7k4I5/6FmV7S3sKxsZA1Foqz4+RHMovThioLPcWSI+SNPJ8NcFpWVh2/Ta8N482NV/U/4FpS2lyFGy835ejAFNVmkzMe2JZzr17ZYmFpXHFpodkcziXpMDcaK4fEAs1VAeBMqjhnryWwd275+MkEaA7xUCzkXgfzKmPk9Xi12ZundhhrTD2HGPid1TKsWbAhtoQpQYqOlWtIiyl3JaBHfe4rCtMGszRRe4yVFHioFSukCVC6EVfH0JxeIifq0+uTTKzBLLEuZKIOfHfleIpJUE/kTLWZxCgoFIfiLkAcQSfhzTyq3FCs7g4EXXbhXoDlEA5DVOMA8zB8ovpY9nn0xOyLBhL6pjifhrOAlym8Rv/eyrdRWS4P8RE7qEGii6xkXdMiM4WCeWpIOTQWe23xsVl0nnuezzG/EzlL662PIhLPAY60Nys+yKlpMNPLX9lzhDSFHmq3ND/LkQucP5h4rPi6LPs5oOvFAvO1SXLwsIjmOU+yP2BD1KCgena60O4IYzmIYyvmKq3Z4voxEgTpS7I3M1TdezOtPKrvPLuoPZgXvBvOo4g0mwoZSYVJoTwmGnfMWgdR4XmoTQRSLbS47Ow== anupvarghese@gmail.com\n",
                    "path": "/home/csgoserver/.ssh/authorized_keys"
                  }
                ]
              }
            ],
            "os_profile_secrets": [],
            "os_profile_windows_config": [],
            "plan": [],
            "primary_network_interface_id": null,
            "proximity_placement_group_id": null,
            "resource_group_name": "CSGO-RG02",
            "storage_data_disk": [],
            "storage_image_reference": [
              {
                "id": "",
                "offer": "UbuntuServer",
                "publisher": "Canonical",
                "sku": "16.04-LTS",
                "version": "latest"
              }
            ],
            "storage_os_disk": [
              {
                "caching": "ReadWrite",
                "create_option": "FromImage",
                "disk_size_gb": 64,
                "image_uri": "",
                "managed_disk_id": "/subscriptions/62bef927-97ff-4cc1-965f-53eb7abec566/resourceGroups/CSGO-RG02/providers/Microsoft.Compute/disks/myosdisk1",
                "managed_disk_type": "Standard_LRS",
                "name": "myosdisk1",
                "os_type": "Linux",
                "vhd_uri": "",
                "write_accelerator_enabled": false
              }
            ],
            "tags": {
              "environment": "Staging"
            },
            "timeouts": null,
            "vm_size": "Standard_F4",
            "zones": null
          },
          "private": "eyJlMmJmYjczMC1lY2FhLTExZTYtOGY4OC0zNDM2M2JjN2M0YzAiOnsiY3JlYXRlIjozNjAwMDAwMDAwMDAwLCJkZWxldGUiOjM2MDAwMDAwMDAwMDAsInJlYWQiOjMwMDAwMDAwMDAwMCwidXBkYXRlIjozNjAwMDAwMDAwMDAwfX0=",
          "dependencies": [
            "azurerm_network_interface.csgonic",
            "azurerm_public_ip.cspip",
            "azurerm_resource_group.rg",
            "azurerm_subnet.subnet_two",
            "azurerm_virtual_network.network",
            "data.template_file.cloud_config"
          ]
        }
      ]
    },
    {
      "mode": "managed",
      "type": "azurerm_virtual_network",
      "name": "network",
      "provider": "provider[\"registry.terraform.io/hashicorp/azurerm\"]",
      "instances": [
        {
          "schema_version": 0,
          "attributes": {
            "address_space": [
              "10.0.0.0/16"
            ],
            "ddos_protection_plan": [],
            "dns_servers": null,
            "id": "/subscriptions/62bef927-97ff-4cc1-965f-53eb7abec566/resourceGroups/CSGO-RG02/providers/Microsoft.Network/virtualNetworks/staging-network",
            "location": "japanwest",
            "name": "staging-network",
            "resource_group_name": "CSGO-RG02",
            "subnet": [],
            "tags": null,
            "timeouts": null
          },
          "private": "eyJlMmJmYjczMC1lY2FhLTExZTYtOGY4OC0zNDM2M2JjN2M0YzAiOnsiY3JlYXRlIjoxODAwMDAwMDAwMDAwLCJkZWxldGUiOjE4MDAwMDAwMDAwMDAsInJlYWQiOjMwMDAwMDAwMDAwMCwidXBkYXRlIjoxODAwMDAwMDAwMDAwfX0=",
          "dependencies": [
            "azurerm_resource_group.rg"
          ]
        }
      ]
    }
  ]
}
